// !$*UTF8*$!
{
	archiveVersion = 1;
	classes = {
	};
	objectVersion = 46;
	objects = {

/* Begin PBXBuildFile section */
		4D3F731C17BD86EE007C92BF /* UIKit.framework in Frameworks */ = {isa = PBXBuildFile; fileRef = 4D3F731B17BD86EE007C92BF /* UIKit.framework */; };
		4D3F731E17BD86EE007C92BF /* Foundation.framework in Frameworks */ = {isa = PBXBuildFile; fileRef = 4D3F731D17BD86EE007C92BF /* Foundation.framework */; };
		4D3F732017BD86EE007C92BF /* CoreGraphics.framework in Frameworks */ = {isa = PBXBuildFile; fileRef = 4D3F731F17BD86EE007C92BF /* CoreGraphics.framework */; };
		4D3F732217BD86EE007C92BF /* CoreData.framework in Frameworks */ = {isa = PBXBuildFile; fileRef = 4D3F732117BD86EE007C92BF /* CoreData.framework */; };
		4D3F732817BD86EE007C92BF /* InfoPlist.strings in Resources */ = {isa = PBXBuildFile; fileRef = 4D3F732617BD86EE007C92BF /* InfoPlist.strings */; };
		4D3F732A17BD86EE007C92BF /* main.m in Sources */ = {isa = PBXBuildFile; fileRef = 4D3F732917BD86EE007C92BF /* main.m */; };
		4D3F733017BD86EE007C92BF /* Default.png in Resources */ = {isa = PBXBuildFile; fileRef = 4D3F732F17BD86EE007C92BF /* Default.png */; };
		4D3F733217BD86EE007C92BF /* Default@2x.png in Resources */ = {isa = PBXBuildFile; fileRef = 4D3F733117BD86EE007C92BF /* Default@2x.png */; };
		4D3F733417BD86EE007C92BF /* Default-568h@2x.png in Resources */ = {isa = PBXBuildFile; fileRef = 4D3F733317BD86EE007C92BF /* Default-568h@2x.png */; };
		4D3F733717BD86EE007C92BF /* SwishList.xcdatamodeld in Sources */ = {isa = PBXBuildFile; fileRef = 4D3F733517BD86EE007C92BF /* SwishList.xcdatamodeld */; };
		4D3F733F17BD873F007C92BF /* MasterViewController.m in Sources */ = {isa = PBXBuildFile; fileRef = 4D3F733E17BD873F007C92BF /* MasterViewController.m */; };
		4D3F734817BD89F0007C92BF /* Note.m in Sources */ = {isa = PBXBuildFile; fileRef = 4D3F734717BD89F0007C92BF /* Note.m */; };
		4D3F734C17BD8ACA007C92BF /* DataStore.m in Sources */ = {isa = PBXBuildFile; fileRef = 4D3F734B17BD8ACA007C92BF /* DataStore.m */; };
		4D4004C6180C77E5007356E3 /* Screenshot.png in Resources */ = {isa = PBXBuildFile; fileRef = 4D4004C5180C77E5007356E3 /* Screenshot.png */; };
		4D4004C8180C7F01007356E3 /* Screenshot@2x.png in Resources */ = {isa = PBXBuildFile; fileRef = 4D4004C7180C7F01007356E3 /* Screenshot@2x.png */; };
		4D79DF1917CD97E8002AE5E2 /* AppDelegate.m in Sources */ = {isa = PBXBuildFile; fileRef = 4D79DF1817CD97E8002AE5E2 /* AppDelegate.m */; };
		4D9CB48717C478E300D6E11A /* QuartzCore.framework in Frameworks */ = {isa = PBXBuildFile; fileRef = 4D9CB48617C478E300D6E11A /* QuartzCore.framework */; };
		4D9CB48C17C4895C00D6E11A /* ListTableViewCell.m in Sources */ = {isa = PBXBuildFile; fileRef = 4D9CB48B17C4895C00D6E11A /* ListTableViewCell.m */; };
		4D9CB48E17C4900900D6E11A /* Icon.png in Resources */ = {isa = PBXBuildFile; fileRef = 4D9CB48D17C4900900D6E11A /* Icon.png */; };
		4D9CB49017C4900C00D6E11A /* Icon@2x.png in Resources */ = {isa = PBXBuildFile; fileRef = 4D9CB48F17C4900C00D6E11A /* Icon@2x.png */; };
		4D9CB49217C4901300D6E11A /* Icon-72.png in Resources */ = {isa = PBXBuildFile; fileRef = 4D9CB49117C4901300D6E11A /* Icon-72.png */; };
		4D9CB49417C4901500D6E11A /* Icon-72@2x.png in Resources */ = {isa = PBXBuildFile; fileRef = 4D9CB49317C4901500D6E11A /* Icon-72@2x.png */; };
		4DE6FFD6180B9B2300074EB5 /* README.md in Resources */ = {isa = PBXBuildFile; fileRef = 4DE6FFD5180B9B2300074EB5 /* README.md */; };
		4DFD3D9817BDCC3D001A494B /* ListTableViewController.m in Sources */ = {isa = PBXBuildFile; fileRef = 4DFD3D9717BDCC3D001A494B /* ListTableViewController.m */; };
		4DFD3D9B17BDCED7001A494B /* NoteViewController.m in Sources */ = {isa = PBXBuildFile; fileRef = 4DFD3D9A17BDCED7001A494B /* NoteViewController.m */; };
		4DFD3D9E17BDCFE9001A494B /* MenuViewController.m in Sources */ = {isa = PBXBuildFile; fileRef = 4DFD3D9D17BDCFE9001A494B /* MenuViewController.m */; };
		4DFD3DA117BDE202001A494B /* List.m in Sources */ = {isa = PBXBuildFile; fileRef = 4DFD3DA017BDE202001A494B /* List.m */; };
/* End PBXBuildFile section */

/* Begin PBXFileReference section */
		4D3F731817BD86EE007C92BF /* SwishList.app */ = {isa = PBXFileReference; explicitFileType = wrapper.application; includeInIndex = 0; path = SwishList.app; sourceTree = BUILT_PRODUCTS_DIR; };
		4D3F731B17BD86EE007C92BF /* UIKit.framework */ = {isa = PBXFileReference; lastKnownFileType = wrapper.framework; name = UIKit.framework; path = System/Library/Frameworks/UIKit.framework; sourceTree = SDKROOT; };
		4D3F731D17BD86EE007C92BF /* Foundation.framework */ = {isa = PBXFileReference; lastKnownFileType = wrapper.framework; name = Foundation.framework; path = System/Library/Frameworks/Foundation.framework; sourceTree = SDKROOT; };
		4D3F731F17BD86EE007C92BF /* CoreGraphics.framework */ = {isa = PBXFileReference; lastKnownFileType = wrapper.framework; name = CoreGraphics.framework; path = System/Library/Frameworks/CoreGraphics.framework; sourceTree = SDKROOT; };
		4D3F732117BD86EE007C92BF /* CoreData.framework */ = {isa = PBXFileReference; lastKnownFileType = wrapper.framework; name = CoreData.framework; path = System/Library/Frameworks/CoreData.framework; sourceTree = SDKROOT; };
		4D3F732517BD86EE007C92BF /* SwishList-Info.plist */ = {isa = PBXFileReference; lastKnownFileType = text.plist.xml; path = "SwishList-Info.plist"; sourceTree = "<group>"; };
		4D3F732717BD86EE007C92BF /* en */ = {isa = PBXFileReference; lastKnownFileType = text.plist.strings; name = en; path = en.lproj/InfoPlist.strings; sourceTree = "<group>"; };
		4D3F732917BD86EE007C92BF /* main.m */ = {isa = PBXFileReference; lastKnownFileType = sourcecode.c.objc; path = main.m; sourceTree = "<group>"; };
		4D3F732B17BD86EE007C92BF /* SwishList-Prefix.pch */ = {isa = PBXFileReference; lastKnownFileType = sourcecode.c.h; path = "SwishList-Prefix.pch"; sourceTree = "<group>"; };
		4D3F732C17BD86EE007C92BF /* AppDelegate.h */ = {isa = PBXFileReference; lastKnownFileType = sourcecode.c.h; path = AppDelegate.h; sourceTree = "<group>"; };
		4D3F732F17BD86EE007C92BF /* Default.png */ = {isa = PBXFileReference; lastKnownFileType = image.png; path = Default.png; sourceTree = "<group>"; };
		4D3F733117BD86EE007C92BF /* Default@2x.png */ = {isa = PBXFileReference; lastKnownFileType = image.png; path = "Default@2x.png"; sourceTree = "<group>"; };
		4D3F733317BD86EE007C92BF /* Default-568h@2x.png */ = {isa = PBXFileReference; lastKnownFileType = image.png; path = "Default-568h@2x.png"; sourceTree = "<group>"; };
		4D3F733617BD86EE007C92BF /* SwishList.xcdatamodel */ = {isa = PBXFileReference; lastKnownFileType = wrapper.xcdatamodel; path = SwishList.xcdatamodel; sourceTree = "<group>"; };
		4D3F733D17BD873F007C92BF /* MasterViewController.h */ = {isa = PBXFileReference; fileEncoding = 4; lastKnownFileType = sourcecode.c.h; path = MasterViewController.h; sourceTree = "<group>"; };
		4D3F733E17BD873F007C92BF /* MasterViewController.m */ = {isa = PBXFileReference; fileEncoding = 4; lastKnownFileType = sourcecode.c.objc; path = MasterViewController.m; sourceTree = "<group>"; };
		4D3F734617BD89F0007C92BF /* Note.h */ = {isa = PBXFileReference; fileEncoding = 4; lastKnownFileType = sourcecode.c.h; path = Note.h; sourceTree = "<group>"; };
		4D3F734717BD89F0007C92BF /* Note.m */ = {isa = PBXFileReference; fileEncoding = 4; lastKnownFileType = sourcecode.c.objc; path = Note.m; sourceTree = "<group>"; };
		4D3F734A17BD8ACA007C92BF /* DataStore.h */ = {isa = PBXFileReference; fileEncoding = 4; lastKnownFileType = sourcecode.c.h; path = DataStore.h; sourceTree = "<group>"; };
		4D3F734B17BD8ACA007C92BF /* DataStore.m */ = {isa = PBXFileReference; fileEncoding = 4; lastKnownFileType = sourcecode.c.objc; path = DataStore.m; sourceTree = "<group>"; };
		4D4004C5180C77E5007356E3 /* Screenshot.png */ = {isa = PBXFileReference; lastKnownFileType = image.png; path = Screenshot.png; sourceTree = "<group>"; };
		4D4004C7180C7F01007356E3 /* Screenshot@2x.png */ = {isa = PBXFileReference; lastKnownFileType = image.png; path = "Screenshot@2x.png"; sourceTree = "<group>"; };
		4D79DF1817CD97E8002AE5E2 /* AppDelegate.m */ = {isa = PBXFileReference; fileEncoding = 4; lastKnownFileType = sourcecode.c.objc; path = AppDelegate.m; sourceTree = "<group>"; };
		4D9CB48617C478E300D6E11A /* QuartzCore.framework */ = {isa = PBXFileReference; lastKnownFileType = wrapper.framework; name = QuartzCore.framework; path = System/Library/Frameworks/QuartzCore.framework; sourceTree = SDKROOT; };
		4D9CB48A17C4895C00D6E11A /* ListTableViewCell.h */ = {isa = PBXFileReference; fileEncoding = 4; lastKnownFileType = sourcecode.c.h; path = ListTableViewCell.h; sourceTree = "<group>"; };
		4D9CB48B17C4895C00D6E11A /* ListTableViewCell.m */ = {isa = PBXFileReference; fileEncoding = 4; lastKnownFileType = sourcecode.c.objc; path = ListTableViewCell.m; sourceTree = "<group>"; };
		4D9CB48D17C4900900D6E11A /* Icon.png */ = {isa = PBXFileReference; lastKnownFileType = image.png; name = Icon.png; path = Graphics/Icon.png; sourceTree = "<group>"; };
		4D9CB48F17C4900C00D6E11A /* Icon@2x.png */ = {isa = PBXFileReference; lastKnownFileType = image.png; name = "Icon@2x.png"; path = "Graphics/Icon@2x.png"; sourceTree = "<group>"; };
		4D9CB49117C4901300D6E11A /* Icon-72.png */ = {isa = PBXFileReference; lastKnownFileType = image.png; name = "Icon-72.png"; path = "Graphics/Icon-72.png"; sourceTree = "<group>"; };
		4D9CB49317C4901500D6E11A /* Icon-72@2x.png */ = {isa = PBXFileReference; lastKnownFileType = image.png; name = "Icon-72@2x.png"; path = "Graphics/Icon-72@2x.png"; sourceTree = "<group>"; };
		4DE6FFD5180B9B2300074EB5 /* README.md */ = {isa = PBXFileReference; fileEncoding = 4; lastKnownFileType = text; path = README.md; sourceTree = "<group>"; };
		4DFD3D9617BDCC3D001A494B /* ListTableViewController.h */ = {isa = PBXFileReference; fileEncoding = 4; lastKnownFileType = sourcecode.c.h; path = ListTableViewController.h; sourceTree = "<group>"; };
		4DFD3D9717BDCC3D001A494B /* ListTableViewController.m */ = {isa = PBXFileReference; fileEncoding = 4; lastKnownFileType = sourcecode.c.objc; path = ListTableViewController.m; sourceTree = "<group>"; };
		4DFD3D9917BDCED7001A494B /* NoteViewController.h */ = {isa = PBXFileReference; fileEncoding = 4; lastKnownFileType = sourcecode.c.h; path = NoteViewController.h; sourceTree = "<group>"; };
		4DFD3D9A17BDCED7001A494B /* NoteViewController.m */ = {isa = PBXFileReference; fileEncoding = 4; lastKnownFileType = sourcecode.c.objc; path = NoteViewController.m; sourceTree = "<group>"; };
		4DFD3D9C17BDCFE9001A494B /* MenuViewController.h */ = {isa = PBXFileReference; fileEncoding = 4; lastKnownFileType = sourcecode.c.h; path = MenuViewController.h; sourceTree = "<group>"; };
		4DFD3D9D17BDCFE9001A494B /* MenuViewController.m */ = {isa = PBXFileReference; fileEncoding = 4; lastKnownFileType = sourcecode.c.objc; path = MenuViewController.m; sourceTree = "<group>"; };
		4DFD3D9F17BDE202001A494B /* List.h */ = {isa = PBXFileReference; fileEncoding = 4; lastKnownFileType = sourcecode.c.h; path = List.h; sourceTree = "<group>"; };
		4DFD3DA017BDE202001A494B /* List.m */ = {isa = PBXFileReference; fileEncoding = 4; lastKnownFileType = sourcecode.c.objc; path = List.m; sourceTree = "<group>"; };
/* End PBXFileReference section */

/* Begin PBXFrameworksBuildPhase section */
		4D3F731517BD86EE007C92BF /* Frameworks */ = {
			isa = PBXFrameworksBuildPhase;
			buildActionMask = 2147483647;
			files = (
				4D9CB48717C478E300D6E11A /* QuartzCore.framework in Frameworks */,
				4D3F731C17BD86EE007C92BF /* UIKit.framework in Frameworks */,
				4D3F731E17BD86EE007C92BF /* Foundation.framework in Frameworks */,
				4D3F732017BD86EE007C92BF /* CoreGraphics.framework in Frameworks */,
				4D3F732217BD86EE007C92BF /* CoreData.framework in Frameworks */,
			);
			runOnlyForDeploymentPostprocessing = 0;
		};
/* End PBXFrameworksBuildPhase section */

/* Begin PBXGroup section */
		4D3F730F17BD86EE007C92BF = {
			isa = PBXGroup;
			children = (
				4D3F732317BD86EE007C92BF /* SwishList */,
				4D3F731A17BD86EE007C92BF /* Frameworks */,
				4D3F731917BD86EE007C92BF /* Products */,
				4DE6FFD5180B9B2300074EB5 /* README.md */,
				4D4004C5180C77E5007356E3 /* Screenshot.png */,
				4D4004C7180C7F01007356E3 /* Screenshot@2x.png */,
			);
			sourceTree = "<group>";
		};
		4D3F731917BD86EE007C92BF /* Products */ = {
			isa = PBXGroup;
			children = (
				4D3F731817BD86EE007C92BF /* SwishList.app */,
			);
			name = Products;
			sourceTree = "<group>";
		};
		4D3F731A17BD86EE007C92BF /* Frameworks */ = {
			isa = PBXGroup;
			children = (
				4D9CB48617C478E300D6E11A /* QuartzCore.framework */,
				4D3F731B17BD86EE007C92BF /* UIKit.framework */,
				4D3F731D17BD86EE007C92BF /* Foundation.framework */,
				4D3F731F17BD86EE007C92BF /* CoreGraphics.framework */,
				4D3F732117BD86EE007C92BF /* CoreData.framework */,
			);
			name = Frameworks;
			sourceTree = "<group>";
		};
		4D3F732317BD86EE007C92BF /* SwishList */ = {
			isa = PBXGroup;
			children = (
				4D3F732C17BD86EE007C92BF /* AppDelegate.h */,
				4D79DF1817CD97E8002AE5E2 /* AppDelegate.m */,
				4D3F733D17BD873F007C92BF /* MasterViewController.h */,
				4D3F733E17BD873F007C92BF /* MasterViewController.m */,
				4DFD3D9617BDCC3D001A494B /* ListTableViewController.h */,
				4DFD3D9717BDCC3D001A494B /* ListTableViewController.m */,
				4D9CB48A17C4895C00D6E11A /* ListTableViewCell.h */,
				4D9CB48B17C4895C00D6E11A /* ListTableViewCell.m */,
				4DFD3D9C17BDCFE9001A494B /* MenuViewController.h */,
				4DFD3D9D17BDCFE9001A494B /* MenuViewController.m */,
				4DFD3D9917BDCED7001A494B /* NoteViewController.h */,
				4DFD3D9A17BDCED7001A494B /* NoteViewController.m */,
				4D3F734917BD89FC007C92BF /* Model */,
				4D9CB49517C492BE00D6E11A /* Graphics */,
				4D3F732417BD86EE007C92BF /* Supporting Files */,
			);
			path = SwishList;
			sourceTree = "<group>";
		};
		4D3F732417BD86EE007C92BF /* Supporting Files */ = {
			isa = PBXGroup;
			children = (
				4D3F732517BD86EE007C92BF /* SwishList-Info.plist */,
				4D3F732617BD86EE007C92BF /* InfoPlist.strings */,
				4D3F732917BD86EE007C92BF /* main.m */,
				4D3F732B17BD86EE007C92BF /* SwishList-Prefix.pch */,
				4D3F732F17BD86EE007C92BF /* Default.png */,
				4D3F733117BD86EE007C92BF /* Default@2x.png */,
				4D3F733317BD86EE007C92BF /* Default-568h@2x.png */,
			);
			name = "Supporting Files";
			sourceTree = "<group>";
		};
		4D3F734917BD89FC007C92BF /* Model */ = {
			isa = PBXGroup;
			children = (
				4D3F734A17BD8ACA007C92BF /* DataStore.h */,
				4D3F734B17BD8ACA007C92BF /* DataStore.m */,
				4D3F734617BD89F0007C92BF /* Note.h */,
				4D3F734717BD89F0007C92BF /* Note.m */,
				4DFD3D9F17BDE202001A494B /* List.h */,
				4DFD3DA017BDE202001A494B /* List.m */,
				4D3F733517BD86EE007C92BF /* SwishList.xcdatamodeld */,
			);
			name = Model;
			sourceTree = "<group>";
		};
		4D9CB49517C492BE00D6E11A /* Graphics */ = {
			isa = PBXGroup;
			children = (
				4D9CB49317C4901500D6E11A /* Icon-72@2x.png */,
				4D9CB49117C4901300D6E11A /* Icon-72.png */,
				4D9CB48F17C4900C00D6E11A /* Icon@2x.png */,
				4D9CB48D17C4900900D6E11A /* Icon.png */,
			);
			name = Graphics;
			sourceTree = "<group>";
		};
/* End PBXGroup section */

/* Begin PBXNativeTarget section */
		4D3F731717BD86EE007C92BF /* SwishList */ = {
			isa = PBXNativeTarget;
			buildConfigurationList = 4D3F733A17BD86EE007C92BF /* Build configuration list for PBXNativeTarget "SwishList" */;
			buildPhases = (
				4D3F731417BD86EE007C92BF /* Sources */,
				4D3F731517BD86EE007C92BF /* Frameworks */,
				4D3F731617BD86EE007C92BF /* Resources */,
			);
			buildRules = (
			);
			dependencies = (
			);
			name = SwishList;
			productName = SwishList;
			productReference = 4D3F731817BD86EE007C92BF /* SwishList.app */;
			productType = "com.apple.product-type.application";
		};
/* End PBXNativeTarget section */

/* Begin PBXProject section */
		4D3F731017BD86EE007C92BF /* Project object */ = {
			isa = PBXProject;
			attributes = {
				LastUpgradeCheck = 0460;
				ORGANIZATIONNAME = "Mark Hambly";
			};
			buildConfigurationList = 4D3F731317BD86EE007C92BF /* Build configuration list for PBXProject "SwishList" */;
			compatibilityVersion = "Xcode 3.2";
			developmentRegion = English;
			hasScannedForEncodings = 0;
			knownRegions = (
				en,
			);
			mainGroup = 4D3F730F17BD86EE007C92BF;
			productRefGroup = 4D3F731917BD86EE007C92BF /* Products */;
			projectDirPath = "";
			projectRoot = "";
			targets = (
				4D3F731717BD86EE007C92BF /* SwishList */,
			);
		};
/* End PBXProject section */

/* Begin PBXResourcesBuildPhase section */
		4D3F731617BD86EE007C92BF /* Resources */ = {
			isa = PBXResourcesBuildPhase;
			buildActionMask = 2147483647;
			files = (
				4D3F732817BD86EE007C92BF /* InfoPlist.strings in Resources */,
				4D3F733017BD86EE007C92BF /* Default.png in Resources */,
				4D3F733217BD86EE007C92BF /* Default@2x.png in Resources */,
				4D3F733417BD86EE007C92BF /* Default-568h@2x.png in Resources */,
				4D4004C8180C7F01007356E3 /* Screenshot@2x.png in Resources */,
				4D9CB48E17C4900900D6E11A /* Icon.png in Resources */,
				4D9CB49017C4900C00D6E11A /* Icon@2x.png in Resources */,
				4DE6FFD6180B9B2300074EB5 /* README.md in Resources */,
				4D9CB49217C4901300D6E11A /* Icon-72.png in Resources */,
				4D9CB49417C4901500D6E11A /* Icon-72@2x.png in Resources */,
				4D4004C6180C77E5007356E3 /* Screenshot.png in Resources */,
			);
			runOnlyForDeploymentPostprocessing = 0;
		};
/* End PBXResourcesBuildPhase section */

/* Begin PBXSourcesBuildPhase section */
		4D3F731417BD86EE007C92BF /* Sources */ = {
			isa = PBXSourcesBuildPhase;
			buildActionMask = 2147483647;
			files = (
				4D3F732A17BD86EE007C92BF /* main.m in Sources */,
				4D3F733717BD86EE007C92BF /* SwishList.xcdatamodeld in Sources */,
				4D3F733F17BD873F007C92BF /* MasterViewController.m in Sources */,
				4D3F734817BD89F0007C92BF /* Note.m in Sources */,
				4D3F734C17BD8ACA007C92BF /* DataStore.m in Sources */,
				4DFD3D9817BDCC3D001A494B /* ListTableViewController.m in Sources */,
				4DFD3D9B17BDCED7001A494B /* NoteViewController.m in Sources */,
				4DFD3D9E17BDCFE9001A494B /* MenuViewController.m in Sources */,
				4DFD3DA117BDE202001A494B /* List.m in Sources */,
				4D9CB48C17C4895C00D6E11A /* ListTableViewCell.m in Sources */,
				4D79DF1917CD97E8002AE5E2 /* AppDelegate.m in Sources */,
			);
			runOnlyForDeploymentPostprocessing = 0;
		};
/* End PBXSourcesBuildPhase section */

/* Begin PBXVariantGroup section */
		4D3F732617BD86EE007C92BF /* InfoPlist.strings */ = {
			isa = PBXVariantGroup;
			children = (
				4D3F732717BD86EE007C92BF /* en */,
			);
			name = InfoPlist.strings;
			sourceTree = "<group>";
		};
/* End PBXVariantGroup section */

/* Begin XCBuildConfiguration section */
		4D3F733817BD86EE007C92BF /* Debug */ = {
			isa = XCBuildConfiguration;
			buildSettings = {
				ALWAYS_SEARCH_USER_PATHS = NO;
				CLANG_CXX_LANGUAGE_STANDARD = "gnu++0x";
				CLANG_CXX_LIBRARY = "libc++";
				CLANG_ENABLE_OBJC_ARC = YES;
				CLANG_WARN_CONSTANT_CONVERSION = YES;
				CLANG_WARN_EMPTY_BODY = YES;
				CLANG_WARN_ENUM_CONVERSION = YES;
				CLANG_WARN_INT_CONVERSION = YES;
				CLANG_WARN__DUPLICATE_METHOD_MATCH = YES;
				"CODE_SIGN_IDENTITY[sdk=iphoneos*]" = "iPhone Developer";
				COPY_PHASE_STRIP = NO;
				GCC_C_LANGUAGE_STANDARD = gnu99;
				GCC_DYNAMIC_NO_PIC = NO;
				GCC_OPTIMIZATION_LEVEL = 0;
				GCC_PREPROCESSOR_DEFINITIONS = (
					"DEBUG=1",
					"$(inherited)",
				);
				GCC_SYMBOLS_PRIVATE_EXTERN = NO;
				GCC_WARN_ABOUT_RETURN_TYPE = YES;
				GCC_WARN_UNINITIALIZED_AUTOS = YES;
				GCC_WARN_UNUSED_VARIABLE = YES;
				IPHONEOS_DEPLOYMENT_TARGET = 6.1;
				ONLY_ACTIVE_ARCH = YES;
				SDKROOT = iphoneos;
				TARGETED_DEVICE_FAMILY = "1,2";
			};
			name = Debug;
		};
		4D3F733917BD86EE007C92BF /* Release */ = {
			isa = XCBuildConfiguration;
			buildSettings = {
				ALWAYS_SEARCH_USER_PATHS = NO;
				CLANG_CXX_LANGUAGE_STANDARD = "gnu++0x";
				CLANG_CXX_LIBRARY = "libc++";
				CLANG_ENABLE_OBJC_ARC = YES;
				CLANG_WARN_CONSTANT_CONVERSION = YES;
				CLANG_WARN_EMPTY_BODY = YES;
				CLANG_WARN_ENUM_CONVERSION = YES;
				CLANG_WARN_INT_CONVERSION = YES;
				CLANG_WARN__DUPLICATE_METHOD_MATCH = YES;
				"CODE_SIGN_IDENTITY[sdk=iphoneos*]" = "iPhone Developer";
				COPY_PHASE_STRIP = YES;
				GCC_C_LANGUAGE_STANDARD = gnu99;
				GCC_WARN_ABOUT_RETURN_TYPE = YES;
				GCC_WARN_UNINITIALIZED_AUTOS = YES;
				GCC_WARN_UNUSED_VARIABLE = YES;
				IPHONEOS_DEPLOYMENT_TARGET = 6.1;
				OTHER_CFLAGS = "-DNS_BLOCK_ASSERTIONS=1";
				SDKROOT = iphoneos;
				TARGETED_DEVICE_FAMILY = "1,2";
				VALIDATE_PRODUCT = YES;
			};
			name = Release;
		};
		4D3F733B17BD86EE007C92BF /* Debug */ = {
			isa = XCBuildConfiguration;
			buildSettings = {
				GCC_PRECOMPILE_PREFIX_HEADER = YES;
				GCC_PREFIX_HEADER = "SwishList/SwishList-Prefix.pch";
				INFOPLIST_FILE = "SwishList/SwishList-Info.plist";
				PRODUCT_NAME = "$(TARGET_NAME)";
				WRAPPER_EXTENSION = app;
			};
			name = Debug;
		};
		4D3F733C17BD86EE007C92BF /* Release */ = {
			isa = XCBuildConfiguration;
			buildSettings = {
				GCC_PRECOMPILE_PREFIX_HEADER = YES;
				GCC_PREFIX_HEADER = "SwishList/SwishList-Prefix.pch";
				INFOPLIST_FILE = "SwishList/SwishList-Info.plist";
				PRODUCT_NAME = "$(TARGET_NAME)";
				WRAPPER_EXTENSION = app;
			};
			name = Release;
		};
/* End XCBuildConfiguration section */

/* Begin XCConfigurationList section */
		4D3F731317BD86EE007C92BF /* Build configuration list for PBXProject "SwishList" */ = {
			isa = XCConfigurationList;
			buildConfigurations = (
				4D3F733817BD86EE007C92BF /* Debug */,
				4D3F733917BD86EE007C92BF /* Release */,
			);
			defaultConfigurationIsVisible = 0;
			defaultConfigurationName = Release;
		};
		4D3F733A17BD86EE007C92BF /* Build configuration list for PBXNativeTarget "SwishList" */ = {
			isa = XCConfigurationList;
			buildConfigurations = (
				4D3F733B17BD86EE007C92BF /* Debug */,
				4D3F733C17BD86EE007C92BF /* Release */,
			);
			defaultConfigurationIsVisible = 0;
			defaultConfigurationName = Release;
		};
/* End XCConfigurationList section */

/* Begin XCVersionGroup section */
		4D3F733517BD86EE007C92BF /* SwishList.xcdatamodeld */ = {
			isa = XCVersionGroup;
			children = (
				4D3F733617BD86EE007C92BF /* SwishList.xcdatamodel */,
			);
			currentVersion = 4D3F733617BD86EE007C92BF /* SwishList.xcdatamodel */;
			path = SwishList.xcdatamodeld;
			sourceTree = "<group>";
			versionGroupType = wrapper.xcdatamodel;
		};
/* End XCVersionGroup section */
	};
	rootObject = 4D3F731017BD86EE007C92BF /* Project object */;
}
